
Microsoft Visual Studio Solution File, Format Version 12.00
# Visual Studio Version 16
VisualStudioVersion = 16.0.29324.140
MinimumVisualStudioVersion = 10.0.40219.1
Project("{FAE04EC0-301F-11D3-BF4B-00C04F79EFBC}") = "metacampus", "metacampus.csproj", "{C908331C-7AD4-4509-A60D-2CB08F5FE53F}"
EndProject
Global
	GlobalSection(SolutionConfigurationPlatforms) = preSolution
		Debug|Any CPU = Debug|Any CPU
		Release|Any CPU = Release|Any CPU
	EndGlobalSection
	GlobalSection(ProjectConfigurationPlatforms) = postSolution
		{C908331C-7AD4-4509-A60D-2CB08F5FE53F}.Debug|Any CPU.ActiveCfg = Debug|Any CPU
		{C908331C-7AD4-4509-A60D-2CB08F5FE53F}.Debug|Any CPU.Build.0 = Debug|Any CPU
		{C908331C-7AD4-4509-A60D-2CB08F5FE53F}.Release|Any CPU.ActiveCfg = Release|Any CPU
		{C908331C-7AD4-4509-A60D-2CB08F5FE53F}.Release|Any CPU.Build.0 = Release|Any CPU
	EndGlobalSection
	GlobalSection(SolutionProperties) = preSolution
		HideSolutionNode = FALSE
	EndGlobalSection
	GlobalSection(ExtensibilityGlobals) = postSolution
		SolutionGuid = {CC832011-BDB2-4545-93D0-AB8B8048B528}
	EndGlobalSection
EndGlobal
